
Microsoft Visual Studio Solution File, Format Version 12.00
# Visual Studio Version 16
VisualStudioVersion = 16.0.29519.181
MinimumVisualStudioVersion = 10.0.40219.1
Project("{9A19103F-16F7-4668-BE54-9A1E7A4F7556}") = "Waves.Utils.Serialization", "..\sources\Waves.Utils.Serialization\Waves.Utils.Serialization.csproj", "{DA344A45-CD78-41A0-A607-6181C3C904C1}"
EndProject
Project("{9A19103F-16F7-4668-BE54-9A1E7A4F7556}") = "Waves.Utils.Nuget.Packer", "..\sources\Waves.Utils.Nuget.Packer\Waves.Utils.Nuget.Packer.csproj", "{9998EBA0-BE2A-4DF9-85FB-1C0BB9346934}"
EndProject
Project("{FAE04EC0-301F-11D3-BF4B-00C04F79EFBC}") = "Waves.Utils.Props.Version.Updater", "..\sources\Waves.Utils.Props.Version.Updater\Waves.Utils.Props.Version.Updater.csproj", "{F7784152-EFD7-4123-B9C5-BB4CD9F05731}"
EndProject
Project("{2150E333-8FDC-42A3-9474-1A3956D46DE8}") = "Tests", "Tests", "{80B5E616-0F53-491B-AC50-00CEFC81B47B}"
EndProject
Project("{FAE04EC0-301F-11D3-BF4B-00C04F79EFBC}") = "Waves.Utils.Nuget", "..\sources\Waves.Utils.Nuget\Waves.Utils.Nuget.csproj", "{D0E29F89-81DE-43A9-8386-46C1C8435AE8}"
EndProject
Project("{FAE04EC0-301F-11D3-BF4B-00C04F79EFBC}") = "Waves.Utils.Sandbox", "..\sources\Waves.Utils.Sandbox\Waves.Utils.Sandbox.csproj", "{78807C3F-0093-4E7A-B5BA-A88DED36B2B6}"
EndProject
Project("{FAE04EC0-301F-11D3-BF4B-00C04F79EFBC}") = "Waves.Utils.Project", "..\sources\Waves.Utils.Project\Waves.Utils.Project.csproj", "{D2B68D45-5FFD-47DD-88E6-F852D4D6CEE9}"
EndProject
Project("{FAE04EC0-301F-11D3-BF4B-00C04F79EFBC}") = "Waves.Utils.Git", "..\sources\Waves.Utils.Git\Waves.Utils.Git.csproj", "{8591FD68-463D-4C5E-927B-8381BE932133}"
EndProject
Project("{2150E333-8FDC-42A3-9474-1A3956D46DE8}") = "Git", "Git", "{92D93DB5-4A65-49BC-B22A-BB309F3679CD}"
EndProject
Project("{2150E333-8FDC-42A3-9474-1A3956D46DE8}") = "Nuget", "Nuget", "{965D1A52-1917-493C-9245-6719CC65A812}"
EndProject
Project("{FAE04EC0-301F-11D3-BF4B-00C04F79EFBC}") = "Waves.Utils", "..\sources\Waves.Utils\Waves.Utils.csproj", "{0B6BA05B-FDF8-4B83-B88A-D72B9E91F781}"
EndProject
Project("{FAE04EC0-301F-11D3-BF4B-00C04F79EFBC}") = "Waves.Utils.Tests.Nuget.Packer", "..\sources\Waves.Utils.Tests\Waves.Utils.Tests.Nuget.Packer\Waves.Utils.Tests.Nuget.Packer.csproj", "{74B4BA33-2766-4A68-A1A4-06244509F3A9}"
EndProject
Project("{FAE04EC0-301F-11D3-BF4B-00C04F79EFBC}") = "Waves.Utils.Nuget.Version.Updater", "..\sources\Waves.Utils.Nuget.Version.Updater\Waves.Utils.Nuget.Version.Updater.csproj", "{678FCA07-91F5-46EC-8958-EDDB3C0EA1CE}"
EndProject
Global
	GlobalSection(SolutionConfigurationPlatforms) = preSolution
		Debug|Any CPU = Debug|Any CPU
		Debug|x64 = Debug|x64
		Debug|x86 = Debug|x86
		Release|Any CPU = Release|Any CPU
		Release|x64 = Release|x64
		Release|x86 = Release|x86
	EndGlobalSection
	GlobalSection(ProjectConfigurationPlatforms) = postSolution
		{DA344A45-CD78-41A0-A607-6181C3C904C1}.Debug|Any CPU.ActiveCfg = Debug|Any CPU
		{DA344A45-CD78-41A0-A607-6181C3C904C1}.Debug|Any CPU.Build.0 = Debug|Any CPU
		{DA344A45-CD78-41A0-A607-6181C3C904C1}.Debug|x64.ActiveCfg = Debug|x64
		{DA344A45-CD78-41A0-A607-6181C3C904C1}.Debug|x64.Build.0 = Debug|x64
		{DA344A45-CD78-41A0-A607-6181C3C904C1}.Debug|x86.ActiveCfg = Debug|x86
		{DA344A45-CD78-41A0-A607-6181C3C904C1}.Debug|x86.Build.0 = Debug|x86
		{DA344A45-CD78-41A0-A607-6181C3C904C1}.Release|Any CPU.ActiveCfg = Release|Any CPU
		{DA344A45-CD78-41A0-A607-6181C3C904C1}.Release|Any CPU.Build.0 = Release|Any CPU
		{DA344A45-CD78-41A0-A607-6181C3C904C1}.Release|x64.ActiveCfg = Release|x64
		{DA344A45-CD78-41A0-A607-6181C3C904C1}.Release|x64.Build.0 = Release|x64
		{DA344A45-CD78-41A0-A607-6181C3C904C1}.Release|x86.ActiveCfg = Release|x86
		{DA344A45-CD78-41A0-A607-6181C3C904C1}.Release|x86.Build.0 = Release|x86
		{9998EBA0-BE2A-4DF9-85FB-1C0BB9346934}.Debug|Any CPU.ActiveCfg = Debug|Any CPU
		{9998EBA0-BE2A-4DF9-85FB-1C0BB9346934}.Debug|Any CPU.Build.0 = Debug|Any CPU
		{9998EBA0-BE2A-4DF9-85FB-1C0BB9346934}.Release|Any CPU.ActiveCfg = Release|Any CPU
		{9998EBA0-BE2A-4DF9-85FB-1C0BB9346934}.Release|Any CPU.Build.0 = Release|Any CPU
		{9998EBA0-BE2A-4DF9-85FB-1C0BB9346934}.Debug|x86.ActiveCfg = Debug|x86
		{9998EBA0-BE2A-4DF9-85FB-1C0BB9346934}.Debug|x86.Build.0 = Debug|x86
		{9998EBA0-BE2A-4DF9-85FB-1C0BB9346934}.Debug|x64.ActiveCfg = Debug|x64
		{9998EBA0-BE2A-4DF9-85FB-1C0BB9346934}.Debug|x64.Build.0 = Debug|x64
		{9998EBA0-BE2A-4DF9-85FB-1C0BB9346934}.Release|x64.ActiveCfg = Release|x64
		{9998EBA0-BE2A-4DF9-85FB-1C0BB9346934}.Release|x64.Build.0 = Release|x64
		{9998EBA0-BE2A-4DF9-85FB-1C0BB9346934}.Release|x86.ActiveCfg = Release|x86
		{9998EBA0-BE2A-4DF9-85FB-1C0BB9346934}.Release|x86.Build.0 = Release|x86
		{F7784152-EFD7-4123-B9C5-BB4CD9F05731}.Debug|Any CPU.ActiveCfg = Debug|Any CPU
		{F7784152-EFD7-4123-B9C5-BB4CD9F05731}.Debug|Any CPU.Build.0 = Debug|Any CPU
		{F7784152-EFD7-4123-B9C5-BB4CD9F05731}.Release|Any CPU.ActiveCfg = Release|Any CPU
		{F7784152-EFD7-4123-B9C5-BB4CD9F05731}.Release|Any CPU.Build.0 = Release|Any CPU
		{F7784152-EFD7-4123-B9C5-BB4CD9F05731}.Debug|x86.ActiveCfg = Debug|x86
		{F7784152-EFD7-4123-B9C5-BB4CD9F05731}.Debug|x86.Build.0 = Debug|x86
		{F7784152-EFD7-4123-B9C5-BB4CD9F05731}.Debug|x64.ActiveCfg = Debug|x64
		{F7784152-EFD7-4123-B9C5-BB4CD9F05731}.Debug|x64.Build.0 = Debug|x64
		{F7784152-EFD7-4123-B9C5-BB4CD9F05731}.Release|x64.ActiveCfg = Release|x64
		{F7784152-EFD7-4123-B9C5-BB4CD9F05731}.Release|x64.Build.0 = Release|x64
		{F7784152-EFD7-4123-B9C5-BB4CD9F05731}.Release|x86.ActiveCfg = Release|x86
		{F7784152-EFD7-4123-B9C5-BB4CD9F05731}.Release|x86.Build.0 = Release|x86
		{D0E29F89-81DE-43A9-8386-46C1C8435AE8}.Debug|Any CPU.ActiveCfg = Debug|Any CPU
		{D0E29F89-81DE-43A9-8386-46C1C8435AE8}.Debug|Any CPU.Build.0 = Debug|Any CPU
		{D0E29F89-81DE-43A9-8386-46C1C8435AE8}.Release|Any CPU.ActiveCfg = Release|Any CPU
		{D0E29F89-81DE-43A9-8386-46C1C8435AE8}.Release|Any CPU.Build.0 = Release|Any CPU
		{D0E29F89-81DE-43A9-8386-46C1C8435AE8}.Debug|x86.ActiveCfg = Debug|x86
		{D0E29F89-81DE-43A9-8386-46C1C8435AE8}.Debug|x86.Build.0 = Debug|x86
		{D0E29F89-81DE-43A9-8386-46C1C8435AE8}.Debug|x64.ActiveCfg = Debug|x64
		{D0E29F89-81DE-43A9-8386-46C1C8435AE8}.Debug|x64.Build.0 = Debug|x64
		{D0E29F89-81DE-43A9-8386-46C1C8435AE8}.Release|x64.ActiveCfg = Release|x64
		{D0E29F89-81DE-43A9-8386-46C1C8435AE8}.Release|x64.Build.0 = Release|x64
		{D0E29F89-81DE-43A9-8386-46C1C8435AE8}.Release|x86.ActiveCfg = Release|x86
		{D0E29F89-81DE-43A9-8386-46C1C8435AE8}.Release|x86.Build.0 = Release|x86
		{78807C3F-0093-4E7A-B5BA-A88DED36B2B6}.Debug|Any CPU.ActiveCfg = Debug|Any CPU
		{78807C3F-0093-4E7A-B5BA-A88DED36B2B6}.Debug|Any CPU.Build.0 = Debug|Any CPU
		{78807C3F-0093-4E7A-B5BA-A88DED36B2B6}.Release|Any CPU.ActiveCfg = Release|Any CPU
		{78807C3F-0093-4E7A-B5BA-A88DED36B2B6}.Release|Any CPU.Build.0 = Release|Any CPU
		{78807C3F-0093-4E7A-B5BA-A88DED36B2B6}.Debug|x86.ActiveCfg = Debug|x86
		{78807C3F-0093-4E7A-B5BA-A88DED36B2B6}.Debug|x86.Build.0 = Debug|x86
		{78807C3F-0093-4E7A-B5BA-A88DED36B2B6}.Debug|x64.ActiveCfg = Debug|x64
		{78807C3F-0093-4E7A-B5BA-A88DED36B2B6}.Debug|x64.Build.0 = Debug|x64
		{78807C3F-0093-4E7A-B5BA-A88DED36B2B6}.Release|x64.ActiveCfg = Release|x64
		{78807C3F-0093-4E7A-B5BA-A88DED36B2B6}.Release|x64.Build.0 = Release|x64
		{78807C3F-0093-4E7A-B5BA-A88DED36B2B6}.Release|x86.ActiveCfg = Release|x86
		{78807C3F-0093-4E7A-B5BA-A88DED36B2B6}.Release|x86.Build.0 = Release|x86
		{D2B68D45-5FFD-47DD-88E6-F852D4D6CEE9}.Debug|Any CPU.ActiveCfg = Debug|Any CPU
		{D2B68D45-5FFD-47DD-88E6-F852D4D6CEE9}.Debug|Any CPU.Build.0 = Debug|Any CPU
		{D2B68D45-5FFD-47DD-88E6-F852D4D6CEE9}.Release|Any CPU.ActiveCfg = Release|Any CPU
		{D2B68D45-5FFD-47DD-88E6-F852D4D6CEE9}.Release|Any CPU.Build.0 = Release|Any CPU
		{D2B68D45-5FFD-47DD-88E6-F852D4D6CEE9}.Debug|x86.ActiveCfg = Debug|x86
		{D2B68D45-5FFD-47DD-88E6-F852D4D6CEE9}.Debug|x86.Build.0 = Debug|x86
		{D2B68D45-5FFD-47DD-88E6-F852D4D6CEE9}.Debug|x64.ActiveCfg = Debug|x64
		{D2B68D45-5FFD-47DD-88E6-F852D4D6CEE9}.Debug|x64.Build.0 = Debug|x64
		{D2B68D45-5FFD-47DD-88E6-F852D4D6CEE9}.Release|x64.ActiveCfg = Release|x64
		{D2B68D45-5FFD-47DD-88E6-F852D4D6CEE9}.Release|x64.Build.0 = Release|x64
		{D2B68D45-5FFD-47DD-88E6-F852D4D6CEE9}.Release|x86.ActiveCfg = Release|x86
		{D2B68D45-5FFD-47DD-88E6-F852D4D6CEE9}.Release|x86.Build.0 = Release|x86
		{8591FD68-463D-4C5E-927B-8381BE932133}.Debug|Any CPU.ActiveCfg = Debug|Any CPU
		{8591FD68-463D-4C5E-927B-8381BE932133}.Debug|Any CPU.Build.0 = Debug|Any CPU
		{8591FD68-463D-4C5E-927B-8381BE932133}.Release|Any CPU.ActiveCfg = Release|Any CPU
		{8591FD68-463D-4C5E-927B-8381BE932133}.Release|Any CPU.Build.0 = Release|Any CPU
		{8591FD68-463D-4C5E-927B-8381BE932133}.Debug|x86.ActiveCfg = Debug|x86
		{8591FD68-463D-4C5E-927B-8381BE932133}.Debug|x86.Build.0 = Debug|x86
		{8591FD68-463D-4C5E-927B-8381BE932133}.Debug|x64.ActiveCfg = Debug|x64
		{8591FD68-463D-4C5E-927B-8381BE932133}.Debug|x64.Build.0 = Debug|x64
		{8591FD68-463D-4C5E-927B-8381BE932133}.Release|x64.ActiveCfg = Release|x64
		{8591FD68-463D-4C5E-927B-8381BE932133}.Release|x64.Build.0 = Release|x64
		{8591FD68-463D-4C5E-927B-8381BE932133}.Release|x86.ActiveCfg = Release|x86
		{8591FD68-463D-4C5E-927B-8381BE932133}.Release|x86.Build.0 = Release|x86
		{0B6BA05B-FDF8-4B83-B88A-D72B9E91F781}.Debug|Any CPU.ActiveCfg = Debug|Any CPU
		{0B6BA05B-FDF8-4B83-B88A-D72B9E91F781}.Debug|Any CPU.Build.0 = Debug|Any CPU
		{0B6BA05B-FDF8-4B83-B88A-D72B9E91F781}.Release|Any CPU.ActiveCfg = Release|Any CPU
		{0B6BA05B-FDF8-4B83-B88A-D72B9E91F781}.Release|Any CPU.Build.0 = Release|Any CPU
		{0B6BA05B-FDF8-4B83-B88A-D72B9E91F781}.Debug|x86.ActiveCfg = Debug|x86
		{0B6BA05B-FDF8-4B83-B88A-D72B9E91F781}.Debug|x86.Build.0 = Debug|x86
		{0B6BA05B-FDF8-4B83-B88A-D72B9E91F781}.Debug|x64.ActiveCfg = Debug|x64
		{0B6BA05B-FDF8-4B83-B88A-D72B9E91F781}.Debug|x64.Build.0 = Debug|x64
		{0B6BA05B-FDF8-4B83-B88A-D72B9E91F781}.Release|x64.ActiveCfg = Release|x64
		{0B6BA05B-FDF8-4B83-B88A-D72B9E91F781}.Release|x64.Build.0 = Release|x64
		{0B6BA05B-FDF8-4B83-B88A-D72B9E91F781}.Release|x86.ActiveCfg = Release|x86
		{0B6BA05B-FDF8-4B83-B88A-D72B9E91F781}.Release|x86.Build.0 = Release|x86
		{74B4BA33-2766-4A68-A1A4-06244509F3A9}.Debug|Any CPU.ActiveCfg = Debug|Any CPU
		{74B4BA33-2766-4A68-A1A4-06244509F3A9}.Debug|Any CPU.Build.0 = Debug|Any CPU
		{74B4BA33-2766-4A68-A1A4-06244509F3A9}.Release|Any CPU.ActiveCfg = Release|Any CPU
		{74B4BA33-2766-4A68-A1A4-06244509F3A9}.Release|Any CPU.Build.0 = Release|Any CPU
		{74B4BA33-2766-4A68-A1A4-06244509F3A9}.Debug|x86.ActiveCfg = Debug|x86
		{74B4BA33-2766-4A68-A1A4-06244509F3A9}.Debug|x86.Build.0 = Debug|x86
		{74B4BA33-2766-4A68-A1A4-06244509F3A9}.Debug|x64.ActiveCfg = Debug|x64
		{74B4BA33-2766-4A68-A1A4-06244509F3A9}.Debug|x64.Build.0 = Debug|x64
		{74B4BA33-2766-4A68-A1A4-06244509F3A9}.Release|x64.ActiveCfg = Release|x64
		{74B4BA33-2766-4A68-A1A4-06244509F3A9}.Release|x64.Build.0 = Release|x64
		{74B4BA33-2766-4A68-A1A4-06244509F3A9}.Release|x86.ActiveCfg = Release|x86
		{74B4BA33-2766-4A68-A1A4-06244509F3A9}.Release|x86.Build.0 = Release|x86
		{678FCA07-91F5-46EC-8958-EDDB3C0EA1CE}.Debug|Any CPU.ActiveCfg = Debug|Any CPU
		{678FCA07-91F5-46EC-8958-EDDB3C0EA1CE}.Debug|Any CPU.Build.0 = Debug|Any CPU
		{678FCA07-91F5-46EC-8958-EDDB3C0EA1CE}.Debug|x64.ActiveCfg = Debug|Any CPU
		{678FCA07-91F5-46EC-8958-EDDB3C0EA1CE}.Debug|x64.Build.0 = Debug|Any CPU
		{678FCA07-91F5-46EC-8958-EDDB3C0EA1CE}.Debug|x86.ActiveCfg = Debug|Any CPU
		{678FCA07-91F5-46EC-8958-EDDB3C0EA1CE}.Debug|x86.Build.0 = Debug|Any CPU
		{678FCA07-91F5-46EC-8958-EDDB3C0EA1CE}.Release|Any CPU.ActiveCfg = Release|Any CPU
		{678FCA07-91F5-46EC-8958-EDDB3C0EA1CE}.Release|Any CPU.Build.0 = Release|Any CPU
		{678FCA07-91F5-46EC-8958-EDDB3C0EA1CE}.Release|x64.ActiveCfg = Release|Any CPU
		{678FCA07-91F5-46EC-8958-EDDB3C0EA1CE}.Release|x64.Build.0 = Release|Any CPU
		{678FCA07-91F5-46EC-8958-EDDB3C0EA1CE}.Release|x86.ActiveCfg = Release|Any CPU
		{678FCA07-91F5-46EC-8958-EDDB3C0EA1CE}.Release|x86.Build.0 = Release|Any CPU
	EndGlobalSection
	GlobalSection(SolutionProperties) = preSolution
		HideSolutionNode = FALSE
	EndGlobalSection
	GlobalSection(ExtensibilityGlobals) = postSolution
		SolutionGuid = {4430EE7F-2CF6-43AD-9AB4-524701F76BBF}
	EndGlobalSection
	GlobalSection(NestedProjects) = preSolution
		{8591FD68-463D-4C5E-927B-8381BE932133} = {92D93DB5-4A65-49BC-B22A-BB309F3679CD}
		{D0E29F89-81DE-43A9-8386-46C1C8435AE8} = {965D1A52-1917-493C-9245-6719CC65A812}
		{9998EBA0-BE2A-4DF9-85FB-1C0BB9346934} = {965D1A52-1917-493C-9245-6719CC65A812}
		{74B4BA33-2766-4A68-A1A4-06244509F3A9} = {80B5E616-0F53-491B-AC50-00CEFC81B47B}
		{678FCA07-91F5-46EC-8958-EDDB3C0EA1CE} = {965D1A52-1917-493C-9245-6719CC65A812}
	EndGlobalSection
EndGlobal
