
Microsoft Visual Studio Solution File, Format Version 12.00
Project("{FAE04EC0-301F-11D3-BF4B-00C04F79EFBC}") = "Test", "..\sources\Test\Test.csproj", "{3E141561-DCD0-4AC4-B585-A1CACDF0F5EB}"
EndProject
Global
	GlobalSection(SolutionConfigurationPlatforms) = preSolution
		Debug|Any CPU = Debug|Any CPU
		Release|Any CPU = Release|Any CPU
	EndGlobalSection
	GlobalSection(ProjectConfigurationPlatforms) = postSolution
		{3E141561-DCD0-4AC4-B585-A1CACDF0F5EB}.Debug|Any CPU.ActiveCfg = Debug|Any CPU
		{3E141561-DCD0-4AC4-B585-A1CACDF0F5EB}.Debug|Any CPU.Build.0 = Debug|Any CPU
		{3E141561-DCD0-4AC4-B585-A1CACDF0F5EB}.Release|Any CPU.ActiveCfg = Release|Any CPU
		{3E141561-DCD0-4AC4-B585-A1CACDF0F5EB}.Release|Any CPU.Build.0 = Release|Any CPU
	EndGlobalSection
EndGlobal
